
Microsoft Visual Studio Solution File, Format Version 12.00
# Visual Studio Version 17
VisualStudioVersion = 17.5.33424.131
MinimumVisualStudioVersion = 10.0.40219.1
Project("{9A19103F-16F7-4668-BE54-9A1E7A4F7556}") = "UdemyJwtApp.Back", "UdemyJwtApp.Back\UdemyJwtApp.Back.csproj", "{C12712B6-3C70-434D-A0F7-2C25793486D2}"
EndProject
Project("{9A19103F-16F7-4668-BE54-9A1E7A4F7556}") = "UdemyJwtApp.UI", "UdemyJwtApp.UI\UdemyJwtApp.UI.csproj", "{9A7D9555-55E0-4FDB-BA7C-F475754A2966}"
EndProject
Project("{2150E333-8FDC-42A3-9474-1A3956D46DE8}") = "Onion", "Onion", "{9AE01DAA-AEE0-4D0F-86A1-CC319389A6C4}"
EndProject
Project("{2150E333-8FDC-42A3-9474-1A3956D46DE8}") = "Core", "Core", "{896B0CD6-8144-480E-B7B0-A0940333FD97}"
EndProject
Project("{2150E333-8FDC-42A3-9474-1A3956D46DE8}") = "Infrastructure", "Infrastructure", "{8BD68328-2443-423E-96A1-FD5F0A402216}"
EndProject
Project("{2150E333-8FDC-42A3-9474-1A3956D46DE8}") = "Presentation", "Presentation", "{7AC26AFD-1010-46AA-9974-29C1CC77C7D7}"
EndProject
Project("{FAE04EC0-301F-11D3-BF4B-00C04F79EFBC}") = "Onion.JwtApp.Domain", "Onion\Core\Onion.JwtApp.Domain\Onion.JwtApp.Domain.csproj", "{3D24F0C8-87E3-46E8-9D93-60A0B3800DCF}"
EndProject
Project("{FAE04EC0-301F-11D3-BF4B-00C04F79EFBC}") = "Onion.JwtApp.Application", "Onion\Core\Onion.JwtApp.Application\Onion.JwtApp.Application.csproj", "{51AFCA57-068E-407E-A4FE-705891071E20}"
EndProject
Project("{FAE04EC0-301F-11D3-BF4B-00C04F79EFBC}") = "Onion.JwtApp.Persistence", "Onion\Infrastructure\Onion.JwtApp.Persistence\Onion.JwtApp.Persistence.csproj", "{059E8787-BB2A-409C-94A7-53E774CD6ECC}"
EndProject
Project("{FAE04EC0-301F-11D3-BF4B-00C04F79EFBC}") = "Onion.JwtApp.API", "Presentation\Onion.JwtApp.API\Onion.JwtApp.API.csproj", "{5A1A59F1-3454-4CEF-87A0-8919A210F1B2}"
EndProject
Global
	GlobalSection(SolutionConfigurationPlatforms) = preSolution
		Debug|Any CPU = Debug|Any CPU
		Release|Any CPU = Release|Any CPU
	EndGlobalSection
	GlobalSection(ProjectConfigurationPlatforms) = postSolution
		{C12712B6-3C70-434D-A0F7-2C25793486D2}.Debug|Any CPU.ActiveCfg = Debug|Any CPU
		{C12712B6-3C70-434D-A0F7-2C25793486D2}.Debug|Any CPU.Build.0 = Debug|Any CPU
		{C12712B6-3C70-434D-A0F7-2C25793486D2}.Release|Any CPU.ActiveCfg = Release|Any CPU
		{C12712B6-3C70-434D-A0F7-2C25793486D2}.Release|Any CPU.Build.0 = Release|Any CPU
		{9A7D9555-55E0-4FDB-BA7C-F475754A2966}.Debug|Any CPU.ActiveCfg = Debug|Any CPU
		{9A7D9555-55E0-4FDB-BA7C-F475754A2966}.Debug|Any CPU.Build.0 = Debug|Any CPU
		{9A7D9555-55E0-4FDB-BA7C-F475754A2966}.Release|Any CPU.ActiveCfg = Release|Any CPU
		{9A7D9555-55E0-4FDB-BA7C-F475754A2966}.Release|Any CPU.Build.0 = Release|Any CPU
		{3D24F0C8-87E3-46E8-9D93-60A0B3800DCF}.Debug|Any CPU.ActiveCfg = Debug|Any CPU
		{3D24F0C8-87E3-46E8-9D93-60A0B3800DCF}.Debug|Any CPU.Build.0 = Debug|Any CPU
		{3D24F0C8-87E3-46E8-9D93-60A0B3800DCF}.Release|Any CPU.ActiveCfg = Release|Any CPU
		{3D24F0C8-87E3-46E8-9D93-60A0B3800DCF}.Release|Any CPU.Build.0 = Release|Any CPU
		{51AFCA57-068E-407E-A4FE-705891071E20}.Debug|Any CPU.ActiveCfg = Debug|Any CPU
		{51AFCA57-068E-407E-A4FE-705891071E20}.Debug|Any CPU.Build.0 = Debug|Any CPU
		{51AFCA57-068E-407E-A4FE-705891071E20}.Release|Any CPU.ActiveCfg = Release|Any CPU
		{51AFCA57-068E-407E-A4FE-705891071E20}.Release|Any CPU.Build.0 = Release|Any CPU
		{059E8787-BB2A-409C-94A7-53E774CD6ECC}.Debug|Any CPU.ActiveCfg = Debug|Any CPU
		{059E8787-BB2A-409C-94A7-53E774CD6ECC}.Debug|Any CPU.Build.0 = Debug|Any CPU
		{059E8787-BB2A-409C-94A7-53E774CD6ECC}.Release|Any CPU.ActiveCfg = Release|Any CPU
		{059E8787-BB2A-409C-94A7-53E774CD6ECC}.Release|Any CPU.Build.0 = Release|Any CPU
		{5A1A59F1-3454-4CEF-87A0-8919A210F1B2}.Debug|Any CPU.ActiveCfg = Debug|Any CPU
		{5A1A59F1-3454-4CEF-87A0-8919A210F1B2}.Debug|Any CPU.Build.0 = Debug|Any CPU
		{5A1A59F1-3454-4CEF-87A0-8919A210F1B2}.Release|Any CPU.ActiveCfg = Release|Any CPU
		{5A1A59F1-3454-4CEF-87A0-8919A210F1B2}.Release|Any CPU.Build.0 = Release|Any CPU
	EndGlobalSection
	GlobalSection(SolutionProperties) = preSolution
		HideSolutionNode = FALSE
	EndGlobalSection
	GlobalSection(NestedProjects) = preSolution
		{896B0CD6-8144-480E-B7B0-A0940333FD97} = {9AE01DAA-AEE0-4D0F-86A1-CC319389A6C4}
		{8BD68328-2443-423E-96A1-FD5F0A402216} = {9AE01DAA-AEE0-4D0F-86A1-CC319389A6C4}
		{7AC26AFD-1010-46AA-9974-29C1CC77C7D7} = {9AE01DAA-AEE0-4D0F-86A1-CC319389A6C4}
		{3D24F0C8-87E3-46E8-9D93-60A0B3800DCF} = {896B0CD6-8144-480E-B7B0-A0940333FD97}
		{51AFCA57-068E-407E-A4FE-705891071E20} = {896B0CD6-8144-480E-B7B0-A0940333FD97}
		{059E8787-BB2A-409C-94A7-53E774CD6ECC} = {8BD68328-2443-423E-96A1-FD5F0A402216}
		{5A1A59F1-3454-4CEF-87A0-8919A210F1B2} = {7AC26AFD-1010-46AA-9974-29C1CC77C7D7}
	EndGlobalSection
	GlobalSection(ExtensibilityGlobals) = postSolution
		SolutionGuid = {E39AFC6A-FC6F-4C5F-B1BF-668B8E92F035}
	EndGlobalSection
EndGlobal
